{
  "name": "block-blast-web",
  "version": "1.0.0",
  "lockfileVersion": 3,
  "requires": true,
  "packages": {
    "": {
      "name": "block-blast-web",
      "version": "1.0.0",
      "devDependencies": {
        "archiver": "^6.0.1",
        "love.js": "latest"
      }
    },
    "node_modules/archiver": {
      "version": "6.0.2",
      "resolved": "https://registry.npmjs.org/archiver/-/archiver-6.0.2.tgz",
      "integrity": "sha512-UQ/2nW7NMl1G+1UnrLypQw1VdT9XZg/ECcKPq7l+STzStrSivFIXIp34D8M5zeNGW5NoOupdYCHv6VySCPNNlw==",
      "dev": true,
      "dependencies": {
        "archiver-utils": "^4.0.1",
        "async": "^3.2.4",
        "buffer-crc32": "^0.2.1",
        "readable-stream": "^3.6.0",
        "readdir-glob": "^1.1.2",
        "tar-stream": "^3.0.0",
        "zip-stream": "^5.0.1"
      },
      "engines": {
        "node": ">= 12.0.0"
      }
    },
    "node_modules/archiver-utils": {
      "version": "4.0.1",
      "resolved": "https://registry.npmjs.org/archiver-utils/-/archiver-utils-4.0.1.tgz",
      "integrity": "sha512-Q4Q99idbvzmgCTEAAhi32BkOyq8iVI5EwdO0PmBDSGIzzjYNdcFn7Q7k3OzbLy4kLUPXfJtG6fO2RjftXbobBg==",
      "dev": true,
      "dependencies": {
        "glob": "^8.0.0",
        "graceful-fs": "^4.2.0",
        "lazystream": "^1.0.0",
        "lodash": "^4.17.15",
        "normalize-path": "^3.0.0",
        "readable-stream": "^3.6.0"
      },
      "engines": {
        "node": ">= 12.0.0"
      }
    },
    "node_modules/async": {
      "version": "3.2.6",
      "resolved": "https://registry.npmjs.org/async/-/async-3.2.6.tgz",
      "integrity": "sha512-htCUDlxyyCLMgaM3xXg0C0LW2xqfuQ6p05pCEIsXuyQ+a1koYKTuBMzRNwmybfLgvJDMd0r1LTn4+E0Ti6C2AA==",
      "dev": true
    },
    "node_modules/b4a": {
      "version": "1.8.0",
      "resolved": "https://registry.npmjs.org/b4a/-/b4a-1.8.0.tgz",
      "integrity": "sha512-qRuSmNSkGQaHwNbM7J78Wwy+ghLEYF1zNrSeMxj4Kgw6y33O3mXcQ6Ie9fRvfU/YnxWkOchPXbaLb73TkIsfdg==",
      "dev": true,
      "peerDependencies": {
        "react-native-b4a": "*"
      },
      "peerDependenciesMeta": {
        "react-native-b4a": {
          "optional": true
        }
      }
    },
    "node_modules/balanced-match": {
      "version": "1.0.2",
      "resolved": "https://registry.npmjs.org/balanced-match/-/balanced-match-1.0.2.tgz",
      "integrity": "sha512-3oSeUO0TMV67hN1AmbXsK4yaqU7tjiHlbxRDZOpH0KW9+CeX4bRAaX0Anxt0tx2MrpRpWwQaPwIlISEJhYU5Pw==",
      "dev": true
    },
    "node_modules/bare-events": {
      "version": "2.8.2",
      "resolved": "https://registry.npmjs.org/bare-events/-/bare-events-2.8.2.tgz",
      "integrity": "sha512-riJjyv1/mHLIPX4RwiK+oW9/4c3TEUeORHKefKAKnZ5kyslbN+HXowtbaVEqt4IMUB7OXlfixcs6gsFeo/jhiQ==",
      "dev": true,
      "peerDependencies": {
        "bare-abort-controller": "*"
      },
      "peerDependenciesMeta": {
        "bare-abort-controller": {
          "optional": true
        }
      }
    },
    "node_modules/bare-fs": {
      "version": "4.5.5",
      "resolved": "https://registry.npmjs.org/bare-fs/-/bare-fs-4.5.5.tgz",
      "integrity": "sha512-XvwYM6VZqKoqDll8BmSww5luA5eflDzY0uEFfBJtFKe4PAAtxBjU3YIxzIBzhyaEQBy1VXEQBto4cpN5RZJw+w==",
      "dev": true,
      "dependencies": {
        "bare-events": "^2.5.4",
        "bare-path": "^3.0.0",
        "bare-stream": "^2.6.4",
        "bare-url": "^2.2.2",
        "fast-fifo": "^1.3.2"
      },
      "engines": {
        "bare": ">=1.16.0"
      },
      "peerDependencies": {
        "bare-buffer": "*"
      },
      "peerDependenciesMeta": {
        "bare-buffer": {
          "optional": true
        }
      }
    },
    "node_modules/bare-os": {
      "version": "3.7.0",
      "resolved": "https://registry.npmjs.org/bare-os/-/bare-os-3.7.0.tgz",
      "integrity": "sha512-64Rcwj8qlnTZU8Ps6JJEdSmxBEUGgI7g8l+lMtsJLl4IsfTcHMTfJ188u2iGV6P6YPRZrtv72B2kjn+hp+Yv3g==",
      "dev": true,
      "engines": {
        "bare": ">=1.14.0"
      }
    },
    "node_modules/bare-path": {
      "version": "3.0.0",
      "resolved": "https://registry.npmjs.org/bare-path/-/bare-path-3.0.0.tgz",
      "integrity": "sha512-tyfW2cQcB5NN8Saijrhqn0Zh7AnFNsnczRcuWODH0eYAXBsJ5gVxAUuNr7tsHSC6IZ77cA0SitzT+s47kot8Mw==",
      "dev": true,
      "dependencies": {
        "bare-os": "^3.0.1"
      }
    },
    "node_modules/bare-stream": {
      "version": "2.8.0",
      "resolved": "https://registry.npmjs.org/bare-stream/-/bare-stream-2.8.0.tgz",
      "integrity": "sha512-reUN0M2sHRqCdG4lUK3Fw8w98eeUIZHL5c3H7Mbhk2yVBL+oofgaIp0ieLfD5QXwPCypBpmEEKU2WZKzbAk8GA==",
      "dev": true,
      "dependencies": {
        "streamx": "^2.21.0",
        "teex": "^1.0.1"
      },
      "peerDependencies": {
        "bare-buffer": "*",
        "bare-events": "*"
      },
      "peerDependenciesMeta": {
        "bare-buffer": {
          "optional": true
        },
        "bare-events": {
          "optional": true
        }
      }
    },
    "node_modules/bare-url": {
      "version": "2.3.2",
      "resolved": "https://registry.npmjs.org/bare-url/-/bare-url-2.3.2.tgz",
      "integrity": "sha512-ZMq4gd9ngV5aTMa5p9+UfY0b3skwhHELaDkhEHetMdX0LRkW9kzaym4oo/Eh+Ghm0CCDuMTsRIGM/ytUc1ZYmw==",
      "dev": true,
      "dependencies": {
        "bare-path": "^3.0.0"
      }
    },
    "node_modules/brace-expansion": {
      "version": "2.0.2",
      "resolved": "https://registry.npmjs.org/brace-expansion/-/brace-expansion-2.0.2.tgz",
      "integrity": "sha512-Jt0vHyM+jmUBqojB7E1NIYadt0vI0Qxjxd2TErW94wDz+E2LAm5vKMXXwg6ZZBTHPuUlDgQHKXvjGBdfcF1ZDQ==",
      "dev": true,
      "dependencies": {
        "balanced-match": "^1.0.0"
      }
    },
    "node_modules/buffer-crc32": {
      "version": "0.2.13",
      "resolved": "https://registry.npmjs.org/buffer-crc32/-/buffer-crc32-0.2.13.tgz",
      "integrity": "sha512-VO9Ht/+p3SN7SKWqcrgEzjGbRSJYTx+Q1pTQC0wrWqHx0vpJraQ6GtHx8tvcg1rlK1byhU5gccxgOgj7B0TDkQ==",
      "dev": true,
      "engines": {
        "node": "*"
      }
    },
    "node_modules/commander": {
      "version": "2.20.3",
      "resolved": "https://registry.npmjs.org/commander/-/commander-2.20.3.tgz",
      "integrity": "sha512-GpVkmM8vF2vQUkj2LvZmD35JxeJOLCwJ9cUkugyk2nuhbv3+mJvpLYYt+0+USMxE+oj+ey/lJEnhZw75x/OMcQ==",
      "dev": true
    },
    "node_modules/compress-commons": {
      "version": "5.0.3",
      "resolved": "https://registry.npmjs.org/compress-commons/-/compress-commons-5.0.3.tgz",
      "integrity": "sha512-/UIcLWvwAQyVibgpQDPtfNM3SvqN7G9elAPAV7GM0L53EbNWwWiCsWtK8Fwed/APEbptPHXs5PuW+y8Bq8lFTA==",
      "dev": true,
      "dependencies": {
        "crc-32": "^1.2.0",
        "crc32-stream": "^5.0.0",
        "normalize-path": "^3.0.0",
        "readable-stream": "^3.6.0"
      },
      "engines": {
        "node": ">= 12.0.0"
      }
    },
    "node_modules/core-util-is": {
      "version": "1.0.3",
      "resolved": "https://registry.npmjs.org/core-util-is/-/core-util-is-1.0.3.tgz",
      "integrity": "sha512-ZQBvi1DcpJ4GDqanjucZ2Hj3wEO5pZDS89BWbkcrvdxksJorwUDDZamX9ldFkp9aw2lmBDLgkObEA4DWNJ9FYQ==",
      "dev": true
    },
    "node_modules/crc-32": {
      "version": "1.2.2",
      "resolved": "https://registry.npmjs.org/crc-32/-/crc-32-1.2.2.tgz",
      "integrity": "sha512-ROmzCKrTnOwybPcJApAA6WBWij23HVfGVNKqqrZpuyZOHqK2CwHSvpGuyt/UNNvaIjEd8X5IFGp4Mh+Ie1IHJQ==",
      "dev": true,
      "bin": {
        "crc32": "bin/crc32.njs"
      },
      "engines": {
        "node": ">=0.8"
      }
    },
    "node_modules/crc32-stream": {
      "version": "5.0.1",
      "resolved": "https://registry.npmjs.org/crc32-stream/-/crc32-stream-5.0.1.tgz",
      "integrity": "sha512-lO1dFui+CEUh/ztYIpgpKItKW9Bb4NWakCRJrnqAbFIYD+OZAwb2VfD5T5eXMw2FNcsDHkQcNl/Wh3iVXYwU6g==",
      "dev": true,
      "dependencies": {
        "crc-32": "^1.2.0",
        "readable-stream": "^3.4.0"
      },
      "engines": {
        "node": ">= 12.0.0"
      }
    },
    "node_modules/events-universal": {
      "version": "1.0.1",
      "resolved": "https://registry.npmjs.org/events-universal/-/events-universal-1.0.1.tgz",
      "integrity": "sha512-LUd5euvbMLpwOF8m6ivPCbhQeSiYVNb8Vs0fQ8QjXo0JTkEHpz8pxdQf0gStltaPpw0Cca8b39KxvK9cfKRiAw==",
      "dev": true,
      "dependencies": {
        "bare-events": "^2.7.0"
      }
    },
    "node_modules/fast-fifo": {
      "version": "1.3.2",
      "resolved": "https://registry.npmjs.org/fast-fifo/-/fast-fifo-1.3.2.tgz",
      "integrity": "sha512-/d9sfos4yxzpwkDkuN7k2SqFKtYNmCTzgfEpz82x34IM9/zc8KGxQoXg1liNC/izpRM/MBdt44Nmx41ZWqk+FQ==",
      "dev": true
    },
    "node_modules/fs-extra": {
      "version": "3.0.1",
      "resolved": "https://registry.npmjs.org/fs-extra/-/fs-extra-3.0.1.tgz",
      "integrity": "sha512-V3Z3WZWVUYd8hoCL5xfXJCaHWYzmtwW5XWYSlLgERi8PWd8bx1kUHUk8L1BT57e49oKnDDD180mjfrHc1yA9rg==",
      "dev": true,
      "dependencies": {
        "graceful-fs": "^4.1.2",
        "jsonfile": "^3.0.0",
        "universalify": "^0.1.0"
      }
    },
    "node_modules/fs.realpath": {
      "version": "1.0.0",
      "resolved": "https://registry.npmjs.org/fs.realpath/-/fs.realpath-1.0.0.tgz",
      "integrity": "sha512-OO0pH2lK6a0hZnAdau5ItzHPI6pUlvI7jMVnxUQRtw4owF2wk8lOSabtGDCTP4Ggrg2MbGnWO9X8K1t4+fGMDw==",
      "dev": true
    },
    "node_modules/glob": {
      "version": "8.1.0",
      "resolved": "https://registry.npmjs.org/glob/-/glob-8.1.0.tgz",
      "integrity": "sha512-r8hpEjiQEYlF2QU0df3dS+nxxSIreXQS1qRhMJM0Q5NDdR386C7jb7Hwwod8Fgiuex+k0GFjgft18yvxm5XoCQ==",
      "deprecated": "Old versions of glob are not supported, and contain widely publicized security vulnerabilities, which have been fixed in the current version. Please update. Support for old versions may be purchased (at exorbitant rates) by contacting i@izs.me",
      "dev": true,
      "dependencies": {
        "fs.realpath": "^1.0.0",
        "inflight": "^1.0.4",
        "inherits": "2",
        "minimatch": "^5.0.1",
        "once": "^1.3.0"
      },
      "engines": {
        "node": ">=12"
      },
      "funding": {
        "url": "https://github.com/sponsors/isaacs"
      }
    },
    "node_modules/graceful-fs": {
      "version": "4.2.11",
      "resolved": "https://registry.npmjs.org/graceful-fs/-/graceful-fs-4.2.11.tgz",
      "integrity": "sha512-RbJ5/jmFcNNCcDV5o9eTnBLJ/HszWV0P73bc+Ff4nS/rJj+YaS6IGyiOL0VoBYX+l1Wrl3k63h/KrH+nhJ0XvQ==",
      "dev": true
    },
    "node_modules/inflight": {
      "version": "1.0.6",
      "resolved": "https://registry.npmjs.org/inflight/-/inflight-1.0.6.tgz",
      "integrity": "sha512-k92I/b08q4wvFscXCLvqfsHCrjrF7yiXsQuIVvVE7N82W3+aqpzuUdBbfhWcy/FZR3/4IgflMgKLOsvPDrGCJA==",
      "deprecated": "This module is not supported, and leaks memory. Do not use it. Check out lru-cache if you want a good and tested way to coalesce async requests by a key value, which is much more comprehensive and powerful.",
      "dev": true,
      "dependencies": {
        "once": "^1.3.0",
        "wrappy": "1"
      }
    },
    "node_modules/inherits": {
      "version": "2.0.4",
      "resolved": "https://registry.npmjs.org/inherits/-/inherits-2.0.4.tgz",
      "integrity": "sha512-k/vGaX4/Yla3WzyMCvTQOXYeIHvqOKtnqBduzTHpzpQZzAskKMhZ2K+EnBiSM9zGSoIFeMpXKxa4dYeZIQqewQ==",
      "dev": true
    },
    "node_modules/isarray": {
      "version": "1.0.0",
      "resolved": "https://registry.npmjs.org/isarray/-/isarray-1.0.0.tgz",
      "integrity": "sha512-VLghIWNM6ELQzo7zwmcg0NmTVyWKYjvIeM83yjp0wRDTmUnrM678fQbcKBo6n2CJEF0szoG//ytg+TKla89ALQ==",
      "dev": true
    },
    "node_modules/jsonfile": {
      "version": "3.0.1",
      "resolved": "https://registry.npmjs.org/jsonfile/-/jsonfile-3.0.1.tgz",
      "integrity": "sha512-oBko6ZHlubVB5mRFkur5vgYR1UyqX+S6Y/oCfLhqNdcc2fYFlDpIoNc7AfKS1KOGcnNAkvsr0grLck9ANM815w==",
      "dev": true,
      "optionalDependencies": {
        "graceful-fs": "^4.1.6"
      }
    },
    "node_modules/klaw-sync": {
      "version": "2.1.0",
      "resolved": "https://registry.npmjs.org/klaw-sync/-/klaw-sync-2.1.0.tgz",
      "integrity": "sha512-lIxVCUMQIF7hfygFfdZgv4Z+e1smLroaYNQMUcf1TcJ5oqxj9m8qk19iIuMVl+tXQPr3CSE4V+4XjGEqmsth0Q==",
      "dev": true,
      "optionalDependencies": {
        "graceful-fs": "^4.1.11"
      }
    },
    "node_modules/lazystream": {
      "version": "1.0.1",
      "resolved": "https://registry.npmjs.org/lazystream/-/lazystream-1.0.1.tgz",
      "integrity": "sha512-b94GiNHQNy6JNTrt5w6zNyffMrNkXZb3KTkCZJb2V1xaEGCk093vkZ2jk3tpaeP33/OiXC+WvK9AxUebnf5nbw==",
      "dev": true,
      "dependencies": {
        "readable-stream": "^2.0.5"
      },
      "engines": {
        "node": ">= 0.6.3"
      }
    },
    "node_modules/lazystream/node_modules/readable-stream": {
      "version": "2.3.8",
      "resolved": "https://registry.npmjs.org/readable-stream/-/readable-stream-2.3.8.tgz",
      "integrity": "sha512-8p0AUk4XODgIewSi0l8Epjs+EVnWiK7NoDIEGU0HhE7+ZyY8D1IMY7odu5lRrFXGg71L15KG8QrPmum45RTtdA==",
      "dev": true,
      "dependencies": {
        "core-util-is": "~1.0.0",
        "inherits": "~2.0.3",
        "isarray": "~1.0.0",
        "process-nextick-args": "~2.0.0",
        "safe-buffer": "~5.1.1",
        "string_decoder": "~1.1.1",
        "util-deprecate": "~1.0.1"
      }
    },
    "node_modules/lazystream/node_modules/safe-buffer": {
      "version": "5.1.2",
      "resolved": "https://registry.npmjs.org/safe-buffer/-/safe-buffer-5.1.2.tgz",
      "integrity": "sha512-Gd2UZBJDkXlY7GbJxfsE8/nvKkUEU1G38c1siN6QP6a9PT9MmHB8GnpscSmMJSoF8LOIrt8ud/wPtojys4G6+g==",
      "dev": true
    },
    "node_modules/lazystream/node_modules/string_decoder": {
      "version": "1.1.1",
      "resolved": "https://registry.npmjs.org/string_decoder/-/string_decoder-1.1.1.tgz",
      "integrity": "sha512-n/ShnvDi6FHbbVfviro+WojiFzv+s8MPMHBczVePfUpDJLwoLT0ht1l4YwBCbi8pJAveEEdnkHyPyTP/mzRfwg==",
      "dev": true,
      "dependencies": {
        "safe-buffer": "~5.1.0"
      }
    },
    "node_modules/lodash": {
      "version": "4.17.23",
      "resolved": "https://registry.npmjs.org/lodash/-/lodash-4.17.23.tgz",
      "integrity": "sha512-LgVTMpQtIopCi79SJeDiP0TfWi5CNEc/L/aRdTh3yIvmZXTnheWpKjSZhnvMl8iXbC1tFg9gdHHDMLoV7CnG+w==",
      "dev": true
    },
    "node_modules/love.js": {
      "version": "11.4.1",
      "resolved": "https://registry.npmjs.org/love.js/-/love.js-11.4.1.tgz",
      "integrity": "sha512-NLMD2GpIHOCsflgulr18p4+Crizfixgo5ZMbJmDrqVuR7jdketbUDL7X+LCR2o2uMkVU8ZwXnRwT86S7A75yhA==",
      "dev": true,
      "dependencies": {
        "commander": "^2.9.0",
        "fs-extra": "^3.0.1",
        "klaw-sync": "^2.1.0",
        "mustache": "^2.3.0",
        "uuid": "^3.0.1"
      },
      "bin": {
        "love.js": "index.js"
      },
      "engines": {
        "node": ">=7.10.0",
        "npm": ">=4.2.0"
      }
    },
    "node_modules/minimatch": {
      "version": "5.1.9",
      "resolved": "https://registry.npmjs.org/minimatch/-/minimatch-5.1.9.tgz",
      "integrity": "sha512-7o1wEA2RyMP7Iu7GNba9vc0RWWGACJOCZBJX2GJWip0ikV+wcOsgVuY9uE8CPiyQhkGFSlhuSkZPavN7u1c2Fw==",
      "dev": true,
      "dependencies": {
        "brace-expansion": "^2.0.1"
      },
      "engines": {
        "node": ">=10"
      }
    },
    "node_modules/mustache": {
      "version": "2.3.2",
      "resolved": "https://registry.npmjs.org/mustache/-/mustache-2.3.2.tgz",
      "integrity": "sha512-KpMNwdQsYz3O/SBS1qJ/o3sqUJ5wSb8gb0pul8CO0S56b9Y2ALm8zCfsjPXsqGFfoNBkDwZuZIAjhsZI03gYVQ==",
      "dev": true,
      "bin": {
        "mustache": "bin/mustache"
      },
      "engines": {
        "npm": ">=1.4.0"
      }
    },
    "node_modules/normalize-path": {
      "version": "3.0.0",
      "resolved": "https://registry.npmjs.org/normalize-path/-/normalize-path-3.0.0.tgz",
      "integrity": "sha512-6eZs5Ls3WtCisHWp9S2GUy8dqkpGi4BVSz3GaqiE6ezub0512ESztXUwUB6C6IKbQkY2Pnb/mD4WYojCRwcwLA==",
      "dev": true,
      "engines": {
        "node": ">=0.10.0"
      }
    },
    "node_modules/once": {
      "version": "1.4.0",
      "resolved": "https://registry.npmjs.org/once/-/once-1.4.0.tgz",
      "integrity": "sha512-lNaJgI+2Q5URQBkccEKHTQOPaXdUxnZZElQTZY0MFUAuaEqe1E+Nyvgdz/aIyNi6Z9MzO5dv1H8n58/GELp3+w==",
      "dev": true,
      "dependencies": {
        "wrappy": "1"
      }
    },
    "node_modules/process-nextick-args": {
      "version": "2.0.1",
      "resolved": "https://registry.npmjs.org/process-nextick-args/-/process-nextick-args-2.0.1.tgz",
      "integrity": "sha512-3ouUOpQhtgrbOa17J7+uxOTpITYWaGP7/AhoR3+A+/1e9skrzelGi/dXzEYyvbxubEF6Wn2ypscTKiKJFFn1ag==",
      "dev": true
    },
    "node_modules/readable-stream": {
      "version": "3.6.2",
      "resolved": "https://registry.npmjs.org/readable-stream/-/readable-stream-3.6.2.tgz",
      "integrity": "sha512-9u/sniCrY3D5WdsERHzHE4G2YCXqoG5FTHUiCC4SIbr6XcLZBY05ya9EKjYek9O5xOAwjGq+1JdGBAS7Q9ScoA==",
      "dev": true,
      "dependencies": {
        "inherits": "^2.0.3",
        "string_decoder": "^1.1.1",
        "util-deprecate": "^1.0.1"
      },
      "engines": {
        "node": ">= 6"
      }
    },
    "node_modules/readdir-glob": {
      "version": "1.1.3",
      "resolved": "https://registry.npmjs.org/readdir-glob/-/readdir-glob-1.1.3.tgz",
      "integrity": "sha512-v05I2k7xN8zXvPD9N+z/uhXPaj0sUFCe2rcWZIpBsqxfP7xXFQ0tipAd/wjj1YxWyWtUS5IDJpOG82JKt2EAVA==",
      "dev": true,
      "dependencies": {
        "minimatch": "^5.1.0"
      }
    },
    "node_modules/safe-buffer": {
      "version": "5.2.1",
      "resolved": "https://registry.npmjs.org/safe-buffer/-/safe-buffer-5.2.1.tgz",
      "integrity": "sha512-rp3So07KcdmmKbGvgaNxQSJr7bGVSVk5S9Eq1F+ppbRo70+YeaDxkw5Dd8NPN+GD6bjnYm2VuPuCXmpuYvmCXQ==",
      "dev": true,
      "funding": [
        {
          "type": "github",
          "url": "https://github.com/sponsors/feross"
        },
        {
          "type": "patreon",
          "url": "https://www.patreon.com/feross"
        },
        {
          "type": "consulting",
          "url": "https://feross.org/support"
        }
      ]
    },
    "node_modules/streamx": {
      "version": "2.23.0",
      "resolved": "https://registry.npmjs.org/streamx/-/streamx-2.23.0.tgz",
      "integrity": "sha512-kn+e44esVfn2Fa/O0CPFcex27fjIL6MkVae0Mm6q+E6f0hWv578YCERbv+4m02cjxvDsPKLnmxral/rR6lBMAg==",
      "dev": true,
      "dependencies": {
        "events-universal": "^1.0.0",
        "fast-fifo": "^1.3.2",
        "text-decoder": "^1.1.0"
      }
    },
    "node_modules/string_decoder": {
      "version": "1.3.0",
      "resolved": "https://registry.npmjs.org/string_decoder/-/string_decoder-1.3.0.tgz",
      "integrity": "sha512-hkRX8U1WjJFd8LsDJ2yQ/wWWxaopEsABU1XfkM8A+j0+85JAGppt16cr1Whg6KIbb4okU6Mql6BOj+uup/wKeA==",
      "dev": true,
      "dependencies": {
        "safe-buffer": "~5.2.0"
      }
    },
    "node_modules/tar-stream": {
      "version": "3.1.8",
      "resolved": "https://registry.npmjs.org/tar-stream/-/tar-stream-3.1.8.tgz",
      "integrity": "sha512-U6QpVRyCGHva435KoNWy9PRoi2IFYCgtEhq9nmrPPpbRacPs9IH4aJ3gbrFC8dPcXvdSZ4XXfXT5Fshbp2MtlQ==",
      "dev": true,
      "dependencies": {
        "b4a": "^1.6.4",
        "bare-fs": "^4.5.5",
        "fast-fifo": "^1.2.0",
        "streamx": "^2.15.0"
      }
    },
    "node_modules/teex": {
      "version": "1.0.1",
      "resolved": "https://registry.npmjs.org/teex/-/teex-1.0.1.tgz",
      "integrity": "sha512-eYE6iEI62Ni1H8oIa7KlDU6uQBtqr4Eajni3wX7rpfXD8ysFx8z0+dri+KWEPWpBsxXfxu58x/0jvTVT1ekOSg==",
      "dev": true,
      "dependencies": {
        "streamx": "^2.12.5"
      }
    },
    "node_modules/text-decoder": {
      "version": "1.2.7",
      "resolved": "https://registry.npmjs.org/text-decoder/-/text-decoder-1.2.7.tgz",
      "integrity": "sha512-vlLytXkeP4xvEq2otHeJfSQIRyWxo/oZGEbXrtEEF9Hnmrdly59sUbzZ/QgyWuLYHctCHxFF4tRQZNQ9k60ExQ==",
      "dev": true,
      "dependencies": {
        "b4a": "^1.6.4"
      }
    },
    "node_modules/universalify": {
      "version": "0.1.2",
      "resolved": "https://registry.npmjs.org/universalify/-/universalify-0.1.2.tgz",
      "integrity": "sha512-rBJeI5CXAlmy1pV+617WB9J63U6XcazHHF2f2dbJix4XzpUF0RS3Zbj0FGIOCAva5P/d/GBOYaACQ1w+0azUkg==",
      "dev": true,
      "engines": {
        "node": ">= 4.0.0"
      }
    },
    "node_modules/util-deprecate": {
      "version": "1.0.2",
      "resolved": "https://registry.npmjs.org/util-deprecate/-/util-deprecate-1.0.2.tgz",
      "integrity": "sha512-EPD5q1uXyFxJpCrLnCc1nHnq3gOa6DZBocAIiI2TaSCA7VCJ1UJDMagCzIkXNsUYfD1daK//LTEQ8xiIbrHtcw==",
      "dev": true
    },
    "node_modules/uuid": {
      "version": "3.4.0",
      "resolved": "https://registry.npmjs.org/uuid/-/uuid-3.4.0.tgz",
      "integrity": "sha512-HjSDRw6gZE5JMggctHBcjVak08+KEVhSIiDzFnT9S9aegmp85S/bReBVTb4QTFaRNptJ9kuYaNhnbNEOkbKb/A==",
      "deprecated": "Please upgrade  to version 7 or higher.  Older versions may use Math.random() in certain circumstances, which is known to be problematic.  See https://v8.dev/blog/math-random for details.",
      "dev": true,
      "bin": {
        "uuid": "bin/uuid"
      }
    },
    "node_modules/wrappy": {
      "version": "1.0.2",
      "resolved": "https://registry.npmjs.org/wrappy/-/wrappy-1.0.2.tgz",
      "integrity": "sha512-l4Sp/DRseor9wL6EvV2+TuQn63dMkPjZ/sp9XkghTEbV9KlPS1xUsZ3u7/IQO4wxtcFB4bgpQPRcR3QCvezPcQ==",
      "dev": true
    },
    "node_modules/zip-stream": {
      "version": "5.0.2",
      "resolved": "https://registry.npmjs.org/zip-stream/-/zip-stream-5.0.2.tgz",
      "integrity": "sha512-LfOdrUvPB8ZoXtvOBz6DlNClfvi//b5d56mSWyJi7XbH/HfhOHfUhOqxhT/rUiR7yiktlunqRo+jY6y/cWC/5g==",
      "dev": true,
      "dependencies": {
        "archiver-utils": "^4.0.1",
        "compress-commons": "^5.0.1",
        "readable-stream": "^3.6.0"
      },
      "engines": {
        "node": ">= 12.0.0"
      }
    }
  }
}
